
Microsoft Visual Studio Solution File, Format Version 12.00
# Visual Studio 15
VisualStudioVersion = 15.0.28307.421
MinimumVisualStudioVersion = 10.0.40219.1
Project("{FAE04EC0-301F-11D3-BF4B-00C04F79EFBC}") = "NetTestRegimentation", "..\NetTestRegimentation\NetTestRegimentation.csproj", "{8AF4A141-D137-41A3-951A-1B001ACA4274}"
EndProject
Global
	GlobalSection(SolutionConfigurationPlatforms) = preSolution
		Debug|Any CPU = Debug|Any CPU
		Release|Any CPU = Release|Any CPU
	EndGlobalSection
	GlobalSection(ProjectConfigurationPlatforms) = postSolution
		{8AF4A141-D137-41A3-951A-1B001ACA4274}.Debug|Any CPU.ActiveCfg = Debug|Any CPU
		{8AF4A141-D137-41A3-951A-1B001ACA4274}.Debug|Any CPU.Build.0 = Debug|Any CPU
		{8AF4A141-D137-41A3-951A-1B001ACA4274}.Release|Any CPU.ActiveCfg = Release|Any CPU
		{8AF4A141-D137-41A3-951A-1B001ACA4274}.Release|Any CPU.Build.0 = Release|Any CPU
	EndGlobalSection
	GlobalSection(SolutionProperties) = preSolution
		HideSolutionNode = FALSE
	EndGlobalSection
	GlobalSection(ExtensibilityGlobals) = postSolution
		SolutionGuid = {6C855C03-4EB5-478D-ABC4-7E052764F1E2}
	EndGlobalSection
EndGlobal
