
Microsoft Visual Studio Solution File, Format Version 12.00
# Visual Studio Version 17
VisualStudioVersion = 17.13.35931.197
MinimumVisualStudioVersion = 10.0.40219.1
Project("{9A19103F-16F7-4668-BE54-9A1E7A4F7556}") = "NetTestRegimentation", "NetTestRegimentation\NetTestRegimentation.csproj", "{F1E91E4A-554C-42DC-8570-0349C1A56C18}"
EndProject
Project("{9A19103F-16F7-4668-BE54-9A1E7A4F7556}") = "NetTestRegimentation.UnitTests", "NetTestRegimentation.UnitTests\NetTestRegimentation.UnitTests.csproj", "{98BE3C86-7D46-4735-B89C-D60C98D88479}"
EndProject
Project("{FAE04EC0-301F-11D3-BF4B-00C04F79EFBC}") = "NetTestRegimentation.XUnit", "NetTestRegimentation.XUnit\NetTestRegimentation.XUnit.csproj", "{9D090858-E187-4E99-B201-97166988C144}"
EndProject
Project("{FAE04EC0-301F-11D3-BF4B-00C04F79EFBC}") = "NetTestRegimentation.SourceGenerator.DotNetTool", "NetTestRegimentation.SourceGenerator.DotNetTool\NetTestRegimentation.SourceGenerator.DotNetTool.csproj", "{AAF10258-5C61-48F0-B882-6AB0CCBB48DC}"
EndProject
Global
	GlobalSection(SolutionConfigurationPlatforms) = preSolution
		Debug|Any CPU = Debug|Any CPU
		Release|Any CPU = Release|Any CPU
	EndGlobalSection
	GlobalSection(ProjectConfigurationPlatforms) = postSolution
		{F1E91E4A-554C-42DC-8570-0349C1A56C18}.Debug|Any CPU.ActiveCfg = Debug|Any CPU
		{F1E91E4A-554C-42DC-8570-0349C1A56C18}.Debug|Any CPU.Build.0 = Debug|Any CPU
		{F1E91E4A-554C-42DC-8570-0349C1A56C18}.Release|Any CPU.ActiveCfg = Release|Any CPU
		{F1E91E4A-554C-42DC-8570-0349C1A56C18}.Release|Any CPU.Build.0 = Release|Any CPU
		{98BE3C86-7D46-4735-B89C-D60C98D88479}.Debug|Any CPU.ActiveCfg = Debug|Any CPU
		{98BE3C86-7D46-4735-B89C-D60C98D88479}.Debug|Any CPU.Build.0 = Debug|Any CPU
		{98BE3C86-7D46-4735-B89C-D60C98D88479}.Release|Any CPU.ActiveCfg = Release|Any CPU
		{98BE3C86-7D46-4735-B89C-D60C98D88479}.Release|Any CPU.Build.0 = Release|Any CPU
		{9D090858-E187-4E99-B201-97166988C144}.Debug|Any CPU.ActiveCfg = Debug|Any CPU
		{9D090858-E187-4E99-B201-97166988C144}.Debug|Any CPU.Build.0 = Debug|Any CPU
		{9D090858-E187-4E99-B201-97166988C144}.Release|Any CPU.ActiveCfg = Release|Any CPU
		{9D090858-E187-4E99-B201-97166988C144}.Release|Any CPU.Build.0 = Release|Any CPU
		{AAF10258-5C61-48F0-B882-6AB0CCBB48DC}.Debug|Any CPU.ActiveCfg = Debug|Any CPU
		{AAF10258-5C61-48F0-B882-6AB0CCBB48DC}.Debug|Any CPU.Build.0 = Debug|Any CPU
		{AAF10258-5C61-48F0-B882-6AB0CCBB48DC}.Release|Any CPU.ActiveCfg = Release|Any CPU
		{AAF10258-5C61-48F0-B882-6AB0CCBB48DC}.Release|Any CPU.Build.0 = Release|Any CPU
	EndGlobalSection
	GlobalSection(SolutionProperties) = preSolution
		HideSolutionNode = FALSE
	EndGlobalSection
	GlobalSection(ExtensibilityGlobals) = postSolution
		SolutionGuid = {6C855C03-4EB5-478D-ABC4-7E052764F1E2}
	EndGlobalSection
EndGlobal
